
Microsoft Visual Studio Solution File, Format Version 12.00
# Visual Studio 15
Project("{FAE04EC0-301F-11D3-BF4B-00C04F79EFBC}") = "Assembly-CSharp", "Assembly-CSharp.csproj", "{07EFD2DB-2FA8-0ABB-1E91-5A46E50E0A7D}"
EndProject
Global
	GlobalSection(SolutionConfigurationPlatforms) = preSolution
		Debug|Any CPU = Debug|Any CPU
		Release|Any CPU = Release|Any CPU
	EndGlobalSection
	GlobalSection(ProjectConfigurationPlatforms) = postSolution
		{07EFD2DB-2FA8-0ABB-1E91-5A46E50E0A7D}.Debug|Any CPU.ActiveCfg = Debug|Any CPU
		{07EFD2DB-2FA8-0ABB-1E91-5A46E50E0A7D}.Debug|Any CPU.Build.0 = Debug|Any CPU
		{07EFD2DB-2FA8-0ABB-1E91-5A46E50E0A7D}.Release|Any CPU.ActiveCfg = Release|Any CPU
		{07EFD2DB-2FA8-0ABB-1E91-5A46E50E0A7D}.Release|Any CPU.Build.0 = Release|Any CPU
	EndGlobalSection
	GlobalSection(SolutionProperties) = preSolution
		HideSolutionNode = FALSE
	EndGlobalSection
EndGlobal
